{
  "name": "pass-message",
  "version": "0.0.0",
  "lockfileVersion": 1,
  "requires": true,
  "dependencies": {
    "on-to-me": {
      "version": "0.0.35",
      "resolved": "https://registry.npmjs.org/on-to-me/-/on-to-me-0.0.35.tgz",
      "integrity": "sha512-NF8poq4eBudvJbZQNtG8xBmYxSlr/azQgc5wEaItyHgi+oTq8i+5dQ5CVI9hf6Ol2IvDRpdZO22E+v9N6+7uzA=="
    },
    "pass-up": {
      "version": "0.0.13",
      "resolved": "https://registry.npmjs.org/pass-up/-/pass-up-0.0.13.tgz",
      "integrity": "sha512-3w0xuoTI+U+wzjxqUDT90efXgZDOA+ugkIN1wCN5vRr3CFZX3mOzs8gY06AbWfVvLekmCwrhweZLmaTpF3xC1g==",
      "requires": {
        "on-to-me": "0.0.35",
        "trans-render": "0.0.401"
      }
    },
    "trans-render": {
      "version": "0.0.401",
      "resolved": "https://registry.npmjs.org/trans-render/-/trans-render-0.0.401.tgz",
      "integrity": "sha512-RbMfSqT3z7kbtvuDfQqplvOiJ/zKvmGlUJxhfiD3DMFgd+VCSVMRlBWqCAuXgYUAn2oig3jbjeRKjfwBOOM7gQ=="
    }
  }
}
